
Microsoft Visual Studio Solution File, Format Version 12.00
# Visual Studio Version 16
VisualStudioVersion = 16.0.28711.60
MinimumVisualStudioVersion = 10.0.40219.1
Project("{9A19103F-16F7-4668-BE54-9A1E7A4F7556}") = "Unosquare.FFME.Windows", "Unosquare.FFME.Windows\Unosquare.FFME.Windows.csproj", "{A6EB99A6-AAE2-4E6E-AB9E-93992CE5B84D}"
EndProject
Project("{9A19103F-16F7-4668-BE54-9A1E7A4F7556}") = "Unosquare.FFME.Windows.Sample", "Unosquare.FFME.Windows.Sample\Unosquare.FFME.Windows.Sample.csproj", "{DC7D71DA-3D51-4252-BFC8-52CA269A311F}"
EndProject
Project("{2150E333-8FDC-42A3-9474-1A3956D46DE8}") = "Support", "Support", "{8BF26916-5094-4A04-B148-C19DCCC53A95}"
	ProjectSection(SolutionItems) = preProject
		.gitattributes = .gitattributes
		.gitignore = .gitignore
		appveyor.yml = appveyor.yml
		Support\build-nuget-package.bat = Support\build-nuget-package.bat
		docfx.json = docfx.json
		Support\ffme.png = Support\ffme.png
		Support\ffme.win.nuspec = Support\ffme.win.nuspec
		Support\ffmeplay.png = Support\ffmeplay.png
		LICENSE = LICENSE
		README.md = README.md
		Support\readme.txt = Support\readme.txt
		Support\SoundTouch COPYING.TXT = Support\SoundTouch COPYING.TXT
		StyleCop.Analyzers.ruleset = StyleCop.Analyzers.ruleset
		Support\test-suite.html = Support\test-suite.html
		toc.yml = toc.yml
	EndProjectSection
EndProject
Project("{9A19103F-16F7-4668-BE54-9A1E7A4F7556}") = "Unosquare.FFME.Common", "Unosquare.FFME.Common\Unosquare.FFME.Common.csproj", "{76B2DB70-C8AB-4517-8AFB-051383E496B7}"
EndProject
Project("{FAE04EC0-301F-11D3-BF4B-00C04F79EFBC}") = "Unosquare.FFME.Universal", "Unosquare.FFME.Universal\Unosquare.FFME.Universal.csproj", "{53318E8D-BDBD-4EB8-9C45-1FD93C1A25CA}"
EndProject
Project("{D954291E-2A0B-460D-934E-DC6B0785DB48}") = "Unosquare.FFME.MediaElement", "Unosquare.FFME.MediaElement\Unosquare.FFME.MediaElement.shproj", "{4F84C6A1-BA3A-4A1E-84EE-7A7AA214F317}"
EndProject
Project("{FAE04EC0-301F-11D3-BF4B-00C04F79EFBC}") = "Unosquare.FFME.Universal.Sample", "Unosquare.FFME.Universal.Sample\Unosquare.FFME.Universal.Sample.csproj", "{05723358-2DF7-4B5D-B86A-F9D5393C5E4A}"
EndProject
Global
	GlobalSection(SharedMSBuildProjectFiles) = preSolution
		Unosquare.FFME.MediaElement\Unosquare.FFME.MediaElement.projitems*{4f84c6a1-ba3a-4a1e-84ee-7a7aa214f317}*SharedItemsImports = 13
		Unosquare.FFME.MediaElement\Unosquare.FFME.MediaElement.projitems*{53318e8d-bdbd-4eb8-9c45-1fd93c1a25ca}*SharedItemsImports = 4
	EndGlobalSection
	GlobalSection(SolutionConfigurationPlatforms) = preSolution
		Debug|Any CPU = Debug|Any CPU
		Debug|ARM = Debug|ARM
		Debug|ARM64 = Debug|ARM64
		Debug|x64 = Debug|x64
		Debug|x86 = Debug|x86
		Release|Any CPU = Release|Any CPU
		Release|ARM = Release|ARM
		Release|ARM64 = Release|ARM64
		Release|x64 = Release|x64
		Release|x86 = Release|x86
	EndGlobalSection
	GlobalSection(ProjectConfigurationPlatforms) = postSolution
		{A6EB99A6-AAE2-4E6E-AB9E-93992CE5B84D}.Debug|Any CPU.ActiveCfg = Debug|Any CPU
		{A6EB99A6-AAE2-4E6E-AB9E-93992CE5B84D}.Debug|Any CPU.Build.0 = Debug|Any CPU
		{A6EB99A6-AAE2-4E6E-AB9E-93992CE5B84D}.Debug|ARM.ActiveCfg = Debug|Any CPU
		{A6EB99A6-AAE2-4E6E-AB9E-93992CE5B84D}.Debug|ARM.Build.0 = Debug|Any CPU
		{A6EB99A6-AAE2-4E6E-AB9E-93992CE5B84D}.Debug|ARM64.ActiveCfg = Debug|Any CPU
		{A6EB99A6-AAE2-4E6E-AB9E-93992CE5B84D}.Debug|ARM64.Build.0 = Debug|Any CPU
		{A6EB99A6-AAE2-4E6E-AB9E-93992CE5B84D}.Debug|x64.ActiveCfg = Debug|Any CPU
		{A6EB99A6-AAE2-4E6E-AB9E-93992CE5B84D}.Debug|x64.Build.0 = Debug|Any CPU
		{A6EB99A6-AAE2-4E6E-AB9E-93992CE5B84D}.Debug|x86.ActiveCfg = Debug|Any CPU
		{A6EB99A6-AAE2-4E6E-AB9E-93992CE5B84D}.Debug|x86.Build.0 = Debug|Any CPU
		{A6EB99A6-AAE2-4E6E-AB9E-93992CE5B84D}.Release|Any CPU.ActiveCfg = Release|Any CPU
		{A6EB99A6-AAE2-4E6E-AB9E-93992CE5B84D}.Release|Any CPU.Build.0 = Release|Any CPU
		{A6EB99A6-AAE2-4E6E-AB9E-93992CE5B84D}.Release|ARM.ActiveCfg = Release|Any CPU
		{A6EB99A6-AAE2-4E6E-AB9E-93992CE5B84D}.Release|ARM.Build.0 = Release|Any CPU
		{A6EB99A6-AAE2-4E6E-AB9E-93992CE5B84D}.Release|ARM64.ActiveCfg = Release|Any CPU
		{A6EB99A6-AAE2-4E6E-AB9E-93992CE5B84D}.Release|ARM64.Build.0 = Release|Any CPU
		{A6EB99A6-AAE2-4E6E-AB9E-93992CE5B84D}.Release|x64.ActiveCfg = Release|Any CPU
		{A6EB99A6-AAE2-4E6E-AB9E-93992CE5B84D}.Release|x64.Build.0 = Release|Any CPU
		{A6EB99A6-AAE2-4E6E-AB9E-93992CE5B84D}.Release|x86.ActiveCfg = Release|Any CPU
		{A6EB99A6-AAE2-4E6E-AB9E-93992CE5B84D}.Release|x86.Build.0 = Release|Any CPU
		{DC7D71DA-3D51-4252-BFC8-52CA269A311F}.Debug|Any CPU.ActiveCfg = Debug|Any CPU
		{DC7D71DA-3D51-4252-BFC8-52CA269A311F}.Debug|Any CPU.Build.0 = Debug|Any CPU
		{DC7D71DA-3D51-4252-BFC8-52CA269A311F}.Debug|ARM.ActiveCfg = Debug|Any CPU
		{DC7D71DA-3D51-4252-BFC8-52CA269A311F}.Debug|ARM.Build.0 = Debug|Any CPU
		{DC7D71DA-3D51-4252-BFC8-52CA269A311F}.Debug|ARM64.ActiveCfg = Debug|Any CPU
		{DC7D71DA-3D51-4252-BFC8-52CA269A311F}.Debug|ARM64.Build.0 = Debug|Any CPU
		{DC7D71DA-3D51-4252-BFC8-52CA269A311F}.Debug|x64.ActiveCfg = Debug|Any CPU
		{DC7D71DA-3D51-4252-BFC8-52CA269A311F}.Debug|x64.Build.0 = Debug|Any CPU
		{DC7D71DA-3D51-4252-BFC8-52CA269A311F}.Debug|x86.ActiveCfg = Debug|Any CPU
		{DC7D71DA-3D51-4252-BFC8-52CA269A311F}.Debug|x86.Build.0 = Debug|Any CPU
		{DC7D71DA-3D51-4252-BFC8-52CA269A311F}.Release|Any CPU.ActiveCfg = Release|Any CPU
		{DC7D71DA-3D51-4252-BFC8-52CA269A311F}.Release|Any CPU.Build.0 = Release|Any CPU
		{DC7D71DA-3D51-4252-BFC8-52CA269A311F}.Release|ARM.ActiveCfg = Release|Any CPU
		{DC7D71DA-3D51-4252-BFC8-52CA269A311F}.Release|ARM.Build.0 = Release|Any CPU
		{DC7D71DA-3D51-4252-BFC8-52CA269A311F}.Release|ARM64.ActiveCfg = Release|Any CPU
		{DC7D71DA-3D51-4252-BFC8-52CA269A311F}.Release|ARM64.Build.0 = Release|Any CPU
		{DC7D71DA-3D51-4252-BFC8-52CA269A311F}.Release|x64.ActiveCfg = Release|Any CPU
		{DC7D71DA-3D51-4252-BFC8-52CA269A311F}.Release|x64.Build.0 = Release|Any CPU
		{DC7D71DA-3D51-4252-BFC8-52CA269A311F}.Release|x86.ActiveCfg = Release|Any CPU
		{DC7D71DA-3D51-4252-BFC8-52CA269A311F}.Release|x86.Build.0 = Release|Any CPU
		{76B2DB70-C8AB-4517-8AFB-051383E496B7}.Debug|Any CPU.ActiveCfg = Debug|Any CPU
		{76B2DB70-C8AB-4517-8AFB-051383E496B7}.Debug|Any CPU.Build.0 = Debug|Any CPU
		{76B2DB70-C8AB-4517-8AFB-051383E496B7}.Debug|ARM.ActiveCfg = Debug|Any CPU
		{76B2DB70-C8AB-4517-8AFB-051383E496B7}.Debug|ARM.Build.0 = Debug|Any CPU
		{76B2DB70-C8AB-4517-8AFB-051383E496B7}.Debug|ARM64.ActiveCfg = Debug|Any CPU
		{76B2DB70-C8AB-4517-8AFB-051383E496B7}.Debug|ARM64.Build.0 = Debug|Any CPU
		{76B2DB70-C8AB-4517-8AFB-051383E496B7}.Debug|x64.ActiveCfg = Debug|Any CPU
		{76B2DB70-C8AB-4517-8AFB-051383E496B7}.Debug|x64.Build.0 = Debug|Any CPU
		{76B2DB70-C8AB-4517-8AFB-051383E496B7}.Debug|x86.ActiveCfg = Debug|Any CPU
		{76B2DB70-C8AB-4517-8AFB-051383E496B7}.Debug|x86.Build.0 = Debug|Any CPU
		{76B2DB70-C8AB-4517-8AFB-051383E496B7}.Release|Any CPU.ActiveCfg = Release|Any CPU
		{76B2DB70-C8AB-4517-8AFB-051383E496B7}.Release|Any CPU.Build.0 = Release|Any CPU
		{76B2DB70-C8AB-4517-8AFB-051383E496B7}.Release|ARM.ActiveCfg = Release|Any CPU
		{76B2DB70-C8AB-4517-8AFB-051383E496B7}.Release|ARM.Build.0 = Release|Any CPU
		{76B2DB70-C8AB-4517-8AFB-051383E496B7}.Release|ARM64.ActiveCfg = Release|Any CPU
		{76B2DB70-C8AB-4517-8AFB-051383E496B7}.Release|ARM64.Build.0 = Release|Any CPU
		{76B2DB70-C8AB-4517-8AFB-051383E496B7}.Release|x64.ActiveCfg = Release|Any CPU
		{76B2DB70-C8AB-4517-8AFB-051383E496B7}.Release|x64.Build.0 = Release|Any CPU
		{76B2DB70-C8AB-4517-8AFB-051383E496B7}.Release|x86.ActiveCfg = Release|Any CPU
		{76B2DB70-C8AB-4517-8AFB-051383E496B7}.Release|x86.Build.0 = Release|Any CPU
		{53318E8D-BDBD-4EB8-9C45-1FD93C1A25CA}.Debug|Any CPU.ActiveCfg = Debug|Any CPU
		{53318E8D-BDBD-4EB8-9C45-1FD93C1A25CA}.Debug|Any CPU.Build.0 = Debug|Any CPU
		{53318E8D-BDBD-4EB8-9C45-1FD93C1A25CA}.Debug|ARM.ActiveCfg = Debug|ARM
		{53318E8D-BDBD-4EB8-9C45-1FD93C1A25CA}.Debug|ARM.Build.0 = Debug|ARM
		{53318E8D-BDBD-4EB8-9C45-1FD93C1A25CA}.Debug|ARM64.ActiveCfg = Debug|ARM64
		{53318E8D-BDBD-4EB8-9C45-1FD93C1A25CA}.Debug|ARM64.Build.0 = Debug|ARM64
		{53318E8D-BDBD-4EB8-9C45-1FD93C1A25CA}.Debug|x64.ActiveCfg = Debug|x64
		{53318E8D-BDBD-4EB8-9C45-1FD93C1A25CA}.Debug|x64.Build.0 = Debug|x64
		{53318E8D-BDBD-4EB8-9C45-1FD93C1A25CA}.Debug|x86.ActiveCfg = Debug|x86
		{53318E8D-BDBD-4EB8-9C45-1FD93C1A25CA}.Debug|x86.Build.0 = Debug|x86
		{53318E8D-BDBD-4EB8-9C45-1FD93C1A25CA}.Release|Any CPU.ActiveCfg = Release|Any CPU
		{53318E8D-BDBD-4EB8-9C45-1FD93C1A25CA}.Release|Any CPU.Build.0 = Release|Any CPU
		{53318E8D-BDBD-4EB8-9C45-1FD93C1A25CA}.Release|ARM.ActiveCfg = Release|ARM
		{53318E8D-BDBD-4EB8-9C45-1FD93C1A25CA}.Release|ARM.Build.0 = Release|ARM
		{53318E8D-BDBD-4EB8-9C45-1FD93C1A25CA}.Release|ARM64.ActiveCfg = Release|ARM64
		{53318E8D-BDBD-4EB8-9C45-1FD93C1A25CA}.Release|ARM64.Build.0 = Release|ARM64
		{53318E8D-BDBD-4EB8-9C45-1FD93C1A25CA}.Release|x64.ActiveCfg = Release|x64
		{53318E8D-BDBD-4EB8-9C45-1FD93C1A25CA}.Release|x64.Build.0 = Release|x64
		{53318E8D-BDBD-4EB8-9C45-1FD93C1A25CA}.Release|x86.ActiveCfg = Release|x86
		{53318E8D-BDBD-4EB8-9C45-1FD93C1A25CA}.Release|x86.Build.0 = Release|x86
		{05723358-2DF7-4B5D-B86A-F9D5393C5E4A}.Debug|Any CPU.ActiveCfg = Debug|x86
		{05723358-2DF7-4B5D-B86A-F9D5393C5E4A}.Debug|ARM.ActiveCfg = Debug|ARM
		{05723358-2DF7-4B5D-B86A-F9D5393C5E4A}.Debug|ARM.Build.0 = Debug|ARM
		{05723358-2DF7-4B5D-B86A-F9D5393C5E4A}.Debug|ARM.Deploy.0 = Debug|ARM
		{05723358-2DF7-4B5D-B86A-F9D5393C5E4A}.Debug|ARM64.ActiveCfg = Debug|ARM64
		{05723358-2DF7-4B5D-B86A-F9D5393C5E4A}.Debug|ARM64.Build.0 = Debug|ARM64
		{05723358-2DF7-4B5D-B86A-F9D5393C5E4A}.Debug|ARM64.Deploy.0 = Debug|ARM64
		{05723358-2DF7-4B5D-B86A-F9D5393C5E4A}.Debug|x64.ActiveCfg = Debug|x64
		{05723358-2DF7-4B5D-B86A-F9D5393C5E4A}.Debug|x64.Build.0 = Debug|x64
		{05723358-2DF7-4B5D-B86A-F9D5393C5E4A}.Debug|x64.Deploy.0 = Debug|x64
		{05723358-2DF7-4B5D-B86A-F9D5393C5E4A}.Debug|x86.ActiveCfg = Debug|x86
		{05723358-2DF7-4B5D-B86A-F9D5393C5E4A}.Debug|x86.Build.0 = Debug|x86
		{05723358-2DF7-4B5D-B86A-F9D5393C5E4A}.Debug|x86.Deploy.0 = Debug|x86
		{05723358-2DF7-4B5D-B86A-F9D5393C5E4A}.Release|Any CPU.ActiveCfg = Release|x86
		{05723358-2DF7-4B5D-B86A-F9D5393C5E4A}.Release|ARM.ActiveCfg = Release|ARM
		{05723358-2DF7-4B5D-B86A-F9D5393C5E4A}.Release|ARM.Build.0 = Release|ARM
		{05723358-2DF7-4B5D-B86A-F9D5393C5E4A}.Release|ARM.Deploy.0 = Release|ARM
		{05723358-2DF7-4B5D-B86A-F9D5393C5E4A}.Release|ARM64.ActiveCfg = Release|ARM64
		{05723358-2DF7-4B5D-B86A-F9D5393C5E4A}.Release|ARM64.Build.0 = Release|ARM64
		{05723358-2DF7-4B5D-B86A-F9D5393C5E4A}.Release|ARM64.Deploy.0 = Release|ARM64
		{05723358-2DF7-4B5D-B86A-F9D5393C5E4A}.Release|x64.ActiveCfg = Release|x64
		{05723358-2DF7-4B5D-B86A-F9D5393C5E4A}.Release|x64.Build.0 = Release|x64
		{05723358-2DF7-4B5D-B86A-F9D5393C5E4A}.Release|x64.Deploy.0 = Release|x64
		{05723358-2DF7-4B5D-B86A-F9D5393C5E4A}.Release|x86.ActiveCfg = Release|x86
		{05723358-2DF7-4B5D-B86A-F9D5393C5E4A}.Release|x86.Build.0 = Release|x86
		{05723358-2DF7-4B5D-B86A-F9D5393C5E4A}.Release|x86.Deploy.0 = Release|x86
	EndGlobalSection
	GlobalSection(SolutionProperties) = preSolution
		HideSolutionNode = FALSE
	EndGlobalSection
	GlobalSection(ExtensibilityGlobals) = postSolution
		SolutionGuid = {7E89E3EA-B5D6-4E75-8B7F-C1ED0D05D7D8}
	EndGlobalSection
	GlobalSection(Performance) = preSolution
		HasPerformanceSessions = true
	EndGlobalSection
EndGlobal
