
Microsoft Visual Studio Solution File, Format Version 12.00
# Visual Studio 15
VisualStudioVersion = 15.0.27130.2020
MinimumVisualStudioVersion = 10.0.40219.1
Project("{FAE04EC0-301F-11D3-BF4B-00C04F79EFBC}") = "Unosquare.FFME.Windows", "Unosquare.FFME.Windows\Unosquare.FFME.Windows.csproj", "{A6EB99A6-AAE2-4E6E-AB9E-93992CE5B84D}"
EndProject
Project("{FAE04EC0-301F-11D3-BF4B-00C04F79EFBC}") = "Unosquare.FFME.Windows.Sample", "Unosquare.FFME.Windows.Sample\Unosquare.FFME.Windows.Sample.csproj", "{DC7D71DA-3D51-4252-BFC8-52CA269A311F}"
EndProject
Project("{2150E333-8FDC-42A3-9474-1A3956D46DE8}") = "Support", "Support", "{8BF26916-5094-4A04-B148-C19DCCC53A95}"
	ProjectSection(SolutionItems) = preProject
		appveyor.yml = appveyor.yml
		docfx.json = docfx.json
		Support\EIA-CEA-608.pdf = Support\EIA-CEA-608.pdf
		Support\ffme.png = Support\ffme.png
		Support\ffme.win.nuspec = Support\ffme.win.nuspec
		Support\ffmeplay.png = Support\ffmeplay.png
		LICENSE = LICENSE
		README.md = README.md
		Support\SoundTouch COPYING.TXT = Support\SoundTouch COPYING.TXT
		Support\SoundTouch.dll = Support\SoundTouch.dll
		Support\SoundTouch_x64.dll = Support\SoundTouch_x64.dll
		StyleCop.Analyzers.ruleset = StyleCop.Analyzers.ruleset
		Support\test-suite.html = Support\test-suite.html
		toc.yml = toc.yml
	EndProjectSection
EndProject
Project("{9A19103F-16F7-4668-BE54-9A1E7A4F7556}") = "Unosquare.FFME.Common", "Unosquare.FFME.Common\Unosquare.FFME.Common.csproj", "{76B2DB70-C8AB-4517-8AFB-051383E496B7}"
EndProject
Project("{FAE04EC0-301F-11D3-BF4B-00C04F79EFBC}") = "Unosquare.FFME.MacOS.Sample", "Unosquare.FFME.MacOS.Sample\Unosquare.FFME.MacOS.Sample.csproj", "{A7497D7F-64C1-4746-A323-7E5C743F5363}"
EndProject
Project("{FAE04EC0-301F-11D3-BF4B-00C04F79EFBC}") = "Unosquare.FFME.MacOS", "Unosquare.FFME.MacOS\Unosquare.FFME.MacOS.csproj", "{B1422238-50B9-4B01-A513-FFCB8631F1B2}"
EndProject
Global
	GlobalSection(SolutionConfigurationPlatforms) = preSolution
		Debug|Any CPU = Debug|Any CPU
		Release|Any CPU = Release|Any CPU
	EndGlobalSection
	GlobalSection(ProjectConfigurationPlatforms) = postSolution
		{A6EB99A6-AAE2-4E6E-AB9E-93992CE5B84D}.Debug|Any CPU.ActiveCfg = Debug|Any CPU
		{A6EB99A6-AAE2-4E6E-AB9E-93992CE5B84D}.Debug|Any CPU.Build.0 = Debug|Any CPU
		{A6EB99A6-AAE2-4E6E-AB9E-93992CE5B84D}.Release|Any CPU.ActiveCfg = Release|Any CPU
		{A6EB99A6-AAE2-4E6E-AB9E-93992CE5B84D}.Release|Any CPU.Build.0 = Release|Any CPU
		{DC7D71DA-3D51-4252-BFC8-52CA269A311F}.Debug|Any CPU.ActiveCfg = Debug|Any CPU
		{DC7D71DA-3D51-4252-BFC8-52CA269A311F}.Debug|Any CPU.Build.0 = Debug|Any CPU
		{DC7D71DA-3D51-4252-BFC8-52CA269A311F}.Release|Any CPU.ActiveCfg = Release|Any CPU
		{DC7D71DA-3D51-4252-BFC8-52CA269A311F}.Release|Any CPU.Build.0 = Release|Any CPU
		{76B2DB70-C8AB-4517-8AFB-051383E496B7}.Debug|Any CPU.ActiveCfg = Debug|Any CPU
		{76B2DB70-C8AB-4517-8AFB-051383E496B7}.Debug|Any CPU.Build.0 = Debug|Any CPU
		{76B2DB70-C8AB-4517-8AFB-051383E496B7}.Release|Any CPU.ActiveCfg = Release|Any CPU
		{76B2DB70-C8AB-4517-8AFB-051383E496B7}.Release|Any CPU.Build.0 = Release|Any CPU
		{A7497D7F-64C1-4746-A323-7E5C743F5363}.Debug|Any CPU.ActiveCfg = Debug|Any CPU
		{A7497D7F-64C1-4746-A323-7E5C743F5363}.Debug|Any CPU.Build.0 = Debug|Any CPU
		{A7497D7F-64C1-4746-A323-7E5C743F5363}.Release|Any CPU.ActiveCfg = Release|Any CPU
		{A7497D7F-64C1-4746-A323-7E5C743F5363}.Release|Any CPU.Build.0 = Release|Any CPU
		{B1422238-50B9-4B01-A513-FFCB8631F1B2}.Debug|Any CPU.ActiveCfg = Debug|Any CPU
		{B1422238-50B9-4B01-A513-FFCB8631F1B2}.Debug|Any CPU.Build.0 = Debug|Any CPU
		{B1422238-50B9-4B01-A513-FFCB8631F1B2}.Release|Any CPU.ActiveCfg = Release|Any CPU
		{B1422238-50B9-4B01-A513-FFCB8631F1B2}.Release|Any CPU.Build.0 = Release|Any CPU
	EndGlobalSection
	GlobalSection(SolutionProperties) = preSolution
		HideSolutionNode = FALSE
	EndGlobalSection
	GlobalSection(ExtensibilityGlobals) = postSolution
		SolutionGuid = {7E89E3EA-B5D6-4E75-8B7F-C1ED0D05D7D8}
	EndGlobalSection
EndGlobal
